
Microsoft Visual Studio Solution File, Format Version 12.00
# Visual Studio 15
VisualStudioVersion = 15.0.33403.129
MinimumVisualStudioVersion = 10.0.40219.1
Project("{FAE04EC0-301F-11D3-BF4B-00C04F79EFBC}") = "Pdf2Image", "Pdf2Image\Pdf2Image.csproj", "{89112524-1249-458E-86A5-CCBD58D65C16}"
EndProject
Global
	GlobalSection(SolutionConfigurationPlatforms) = preSolution
		Debug|Any CPU = Debug|Any CPU
		Debug|x64 = Debug|x64
		Debug|x86 = Debug|x86
		Release|Any CPU = Release|Any CPU
		Release|x64 = Release|x64
		Release|x86 = Release|x86
	EndGlobalSection
	GlobalSection(ProjectConfigurationPlatforms) = postSolution
		{89112524-1249-458E-86A5-CCBD58D65C16}.Debug|Any CPU.ActiveCfg = Debug|x64
		{89112524-1249-458E-86A5-CCBD58D65C16}.Debug|Any CPU.Build.0 = Debug|x64
		{89112524-1249-458E-86A5-CCBD58D65C16}.Debug|x64.ActiveCfg = Debug|x64
		{89112524-1249-458E-86A5-CCBD58D65C16}.Debug|x64.Build.0 = Debug|x64
		{89112524-1249-458E-86A5-CCBD58D65C16}.Debug|x86.ActiveCfg = Debug|x86
		{89112524-1249-458E-86A5-CCBD58D65C16}.Debug|x86.Build.0 = Debug|x86
		{89112524-1249-458E-86A5-CCBD58D65C16}.Release|Any CPU.ActiveCfg = Release|Any CPU
		{89112524-1249-458E-86A5-CCBD58D65C16}.Release|Any CPU.Build.0 = Release|Any CPU
		{89112524-1249-458E-86A5-CCBD58D65C16}.Release|x64.ActiveCfg = Release|Any CPU
		{89112524-1249-458E-86A5-CCBD58D65C16}.Release|x64.Build.0 = Release|Any CPU
		{89112524-1249-458E-86A5-CCBD58D65C16}.Release|x86.ActiveCfg = Release|x86
		{89112524-1249-458E-86A5-CCBD58D65C16}.Release|x86.Build.0 = Release|x86
	EndGlobalSection
	GlobalSection(SolutionProperties) = preSolution
		HideSolutionNode = FALSE
	EndGlobalSection
	GlobalSection(ExtensibilityGlobals) = postSolution
		SolutionGuid = {4342A920-A8D3-48B0-A516-1A5C7C8A9041}
	EndGlobalSection
EndGlobal
